{
    "_readme": [
        "This file locks the dependencies of your project to a known state",
        "Read more about it at https://getcomposer.org/doc/01-basic-usage.md#installing-dependencies",
        "This file is @generated automatically"
    ],
    "content-hash": "54a916e9ecf221f2c67072cbc5376c00",
    "packages": [
        {
            "name": "leafs/anchor",
            "version": "v1.4.0",
            "source": {
                "type": "git",
                "url": "https://github.com/leafsphp/anchor.git",
                "reference": "83b2ae93f5796c255cb34b4b2633730ac0e24be0"
            },
            "dist": {
                "type": "zip",
                "url": "https://api.github.com/repos/leafsphp/anchor/zipball/83b2ae93f5796c255cb34b4b2633730ac0e24be0",
                "reference": "83b2ae93f5796c255cb34b4b2633730ac0e24be0",
                "shasum": ""
            },
            "require-dev": {
                "pestphp/pest": "^1.21"
            },
            "type": "library",
            "autoload": {
                "psr-4": {
                    "Leaf\\": "src"
                }
            },
            "notification-url": "https://packagist.org/downloads/",
            "license": [
                "MIT"
            ],
            "authors": [
                {
                    "name": "Michael Darko",
                    "email": "mickdd22@gmail.com",
                    "homepage": "https://mychi.netlify.app",
                    "role": "Developer"
                }
            ],
            "description": "Leaf PHP util module",
            "homepage": "https://leafphp.netlify.app/#/",
            "keywords": [
                "framework",
                "leaf",
                "php",
                "util"
            ],
            "support": {
                "issues": "https://github.com/leafsphp/anchor/issues",
                "source": "https://github.com/leafsphp/anchor/tree/v1.4.0"
            },
            "funding": [
                {
                    "url": "https://github.com/leafsphp",
                    "type": "github"
                },
                {
                    "url": "https://opencollective.com/leaf",
                    "type": "open_collective"
                }
            ],
            "time": "2022-10-03T21:05:28+00:00"
        },
        {
            "name": "leafs/exception",
            "version": "v3.1.1",
            "source": {
                "type": "git",
                "url": "https://github.com/leafsphp/exceptions.git",
                "reference": "3429469a55aad78e8b43b584dca8f7d8ea287635"
            },
            "dist": {
                "type": "zip",
                "url": "https://api.github.com/repos/leafsphp/exceptions/zipball/3429469a55aad78e8b43b584dca8f7d8ea287635",
                "reference": "3429469a55aad78e8b43b584dca8f7d8ea287635",
                "shasum": ""
            },
            "require": {
                "php": "^5.5.9 || ^7.0 || ^8.0",
                "psr/log": "^1.0.1 || ^2.0 || ^3.0"
            },
            "require-dev": {
                "mockery/mockery": "^0.9 || ^1.0",
                "phpunit/phpunit": "^4.8.36 || ^5.7.27 || ^6.5.14 || ^7.5.20 || ^8.5.8 || ^9.3.3",
                "symfony/var-dumper": "^2.6 || ^3.0 || ^4.0 || ^5.0"
            },
            "suggest": {
                "symfony/var-dumper": "Pretty print complex values better with var-dumper available",
                "whoops/soap": "Formats errors as SOAP responses"
            },
            "type": "library",
            "autoload": {
                "psr-4": {
                    "Leaf\\": "src"
                }
            },
            "notification-url": "https://packagist.org/downloads/",
            "license": [
                "MIT"
            ],
            "authors": [
                {
                    "name": "Filipe Dobreira",
                    "homepage": "https://github.com/filp",
                    "role": "Developer"
                },
                {
                    "name": "Michael Darko",
                    "email": "mickdd22@gmail.com",
                    "homepage": "https://mychi.netlify.app",
                    "role": "Developer"
                }
            ],
            "description": "Error handler for leaf (fork of whoops)",
            "homepage": "https://github.com/leafsphp/exception",
            "keywords": [
                "error",
                "exception",
                "handling",
                "library",
                "throwable",
                "whoops"
            ],
            "support": {
                "source": "https://github.com/leafsphp/exceptions/tree/v3.1.1"
            },
            "funding": [
                {
                    "url": "https://github.com/denis-sokolov",
                    "type": "github"
                }
            ],
            "time": "2022-09-18T00:29:18+00:00"
        },
        {
            "name": "leafs/http",
            "version": "v2.2.2",
            "source": {
                "type": "git",
                "url": "https://github.com/leafsphp/http.git",
                "reference": "47a8f58819a19de66fcc7192af4660881222f5e8"
            },
            "dist": {
                "type": "zip",
                "url": "https://api.github.com/repos/leafsphp/http/zipball/47a8f58819a19de66fcc7192af4660881222f5e8",
                "reference": "47a8f58819a19de66fcc7192af4660881222f5e8",
                "shasum": ""
            },
            "require": {
                "leafs/anchor": "*"
            },
            "type": "library",
            "autoload": {
                "files": [
                    "src/functions.php"
                ],
                "psr-4": {
                    "Leaf\\Http\\": "src"
                }
            },
            "notification-url": "https://packagist.org/downloads/",
            "license": [
                "MIT"
            ],
            "authors": [
                {
                    "name": "Michael Darko",
                    "email": "mickdd22@gmail.com",
                    "homepage": "https://mychi.netlify.app",
                    "role": "Developer"
                }
            ],
            "description": "Leaf PHP HTTP module.",
            "homepage": "https://leafphp.netlify.app/#/",
            "keywords": [
                "framework",
                "headers",
                "http",
                "leaf",
                "php",
                "request",
                "response"
            ],
            "support": {
                "issues": "https://github.com/leafsphp/http/issues",
                "source": "https://github.com/leafsphp/http/tree/v2.2.2"
            },
            "funding": [
                {
                    "url": "https://github.com/leafsphp",
                    "type": "github"
                },
                {
                    "url": "https://opencollective.com/leaf",
                    "type": "open_collective"
                }
            ],
            "time": "2023-01-12T22:26:47+00:00"
        },
        {
            "name": "leafs/leaf",
            "version": "v3.3.1",
            "source": {
                "type": "git",
                "url": "https://github.com/leafsphp/leaf.git",
                "reference": "f2f02d212dafca495bd8de97a8ab36f0ecb79f29"
            },
            "dist": {
                "type": "zip",
                "url": "https://api.github.com/repos/leafsphp/leaf/zipball/f2f02d212dafca495bd8de97a8ab36f0ecb79f29",
                "reference": "f2f02d212dafca495bd8de97a8ab36f0ecb79f29",
                "shasum": ""
            },
            "require": {
                "leafs/anchor": "*",
                "leafs/exception": "*",
                "leafs/http": "*",
                "leafs/router": "*"
            },
            "require-dev": {
                "friendsofphp/php-cs-fixer": "^3.0",
                "pestphp/pest": "^1.21"
            },
            "type": "library",
            "autoload": {
                "files": [
                    "src/functions.php"
                ],
                "psr-4": {
                    "Leaf\\": "src"
                }
            },
            "notification-url": "https://packagist.org/downloads/",
            "license": [
                "MIT"
            ],
            "authors": [
                {
                    "name": "Michael Darko",
                    "email": "mickdd22@gmail.com",
                    "homepage": "https://mychi.netlify.app",
                    "role": "Developer"
                }
            ],
            "description": "Simple, performant and powerful PHP micro-framework for rapid web app & API development",
            "homepage": "https://leafphp.dev",
            "keywords": [
                "framework",
                "leaf",
                "microframework",
                "php",
                "rest",
                "router"
            ],
            "support": {
                "issues": "https://github.com/leafsphp/leaf/issues",
                "source": "https://github.com/leafsphp/leaf/tree/v3.3.1"
            },
            "funding": [
                {
                    "url": "https://github.com/leafsphp",
                    "type": "github"
                },
                {
                    "url": "https://opencollective.com/leaf",
                    "type": "open_collective"
                }
            ],
            "time": "2023-03-11T15:17:51+00:00"
        },
        {
            "name": "leafs/router",
            "version": "v0.1.11",
            "source": {
                "type": "git",
                "url": "https://github.com/leafsphp/router.git",
                "reference": "77aee5d426d41bdf8e0792d5d9e29600b870811a"
            },
            "dist": {
                "type": "zip",
                "url": "https://api.github.com/repos/leafsphp/router/zipball/77aee5d426d41bdf8e0792d5d9e29600b870811a",
                "reference": "77aee5d426d41bdf8e0792d5d9e29600b870811a",
                "shasum": ""
            },
            "require": {
                "leafs/anchor": "*",
                "leafs/http": "*"
            },
            "require-dev": {
                "pestphp/pest": "^1.21"
            },
            "type": "library",
            "autoload": {
                "psr-4": {
                    "Leaf\\": "src"
                }
            },
            "notification-url": "https://packagist.org/downloads/",
            "license": [
                "MIT"
            ],
            "authors": [
                {
                    "name": "Michael Darko",
                    "email": "mickdd22@gmail.com",
                    "homepage": "https://mychi.netlify.app",
                    "role": "Developer"
                }
            ],
            "description": "Leaf router module for Leaf PHP.",
            "homepage": "https://leafphp.netlify.app/#/modules/router",
            "keywords": [
                "framework",
                "leaf",
                "php",
                "rest",
                "router"
            ],
            "support": {
                "issues": "https://github.com/leafsphp/router/issues",
                "source": "https://github.com/leafsphp/router/tree/v0.1.11"
            },
            "funding": [
                {
                    "url": "https://github.com/leafsphp",
                    "type": "github"
                },
                {
                    "url": "https://opencollective.com/leaf",
                    "type": "open_collective"
                }
            ],
            "time": "2023-01-12T09:15:34+00:00"
        },
        {
            "name": "psr/log",
            "version": "3.0.0",
            "source": {
                "type": "git",
                "url": "https://github.com/php-fig/log.git",
                "reference": "fe5ea303b0887d5caefd3d431c3e61ad47037001"
            },
            "dist": {
                "type": "zip",
                "url": "https://api.github.com/repos/php-fig/log/zipball/fe5ea303b0887d5caefd3d431c3e61ad47037001",
                "reference": "fe5ea303b0887d5caefd3d431c3e61ad47037001",
                "shasum": ""
            },
            "require": {
                "php": ">=8.0.0"
            },
            "type": "library",
            "extra": {
                "branch-alias": {
                    "dev-master": "3.x-dev"
                }
            },
            "autoload": {
                "psr-4": {
                    "Psr\\Log\\": "src"
                }
            },
            "notification-url": "https://packagist.org/downloads/",
            "license": [
                "MIT"
            ],
            "authors": [
                {
                    "name": "PHP-FIG",
                    "homepage": "https://www.php-fig.org/"
                }
            ],
            "description": "Common interface for logging libraries",
            "homepage": "https://github.com/php-fig/log",
            "keywords": [
                "log",
                "psr",
                "psr-3"
            ],
            "support": {
                "source": "https://github.com/php-fig/log/tree/3.0.0"
            },
            "time": "2021-07-14T16:46:02+00:00"
        }
    ],
    "packages-dev": [],
    "aliases": [],
    "minimum-stability": "stable",
    "stability-flags": [],
    "prefer-stable": false,
    "prefer-lowest": false,
    "platform": [],
    "platform-dev": [],
    "plugin-api-version": "2.3.0"
}
